
Microsoft Visual Studio Solution File, Format Version 12.00
# Visual Studio Version 17
VisualStudioVersion = 17.10.35027.167
MinimumVisualStudioVersion = 10.0.40219.1
Project("{FAE04EC0-301F-11D3-BF4B-00C04F79EFBC}") = "WindowsFormsApp1", "WindowsFormsApp1.csproj", "{05D2B94B-8930-4058-ADA4-181CEFB12C74}"
EndProject
Project("{FAE04EC0-301F-11D3-BF4B-00C04F79EFBC}") = "club_altos_verdes", "..\club_altos_verdes\club_altos_verdes.csproj", "{48CAC866-FAED-44FF-AEE7-CF2C0CD794F7}"
EndProject
Global
	GlobalSection(SolutionConfigurationPlatforms) = preSolution
		Debug|Any CPU = Debug|Any CPU
		Release|Any CPU = Release|Any CPU
	EndGlobalSection
	GlobalSection(ProjectConfigurationPlatforms) = postSolution
		{05D2B94B-8930-4058-ADA4-181CEFB12C74}.Debug|Any CPU.ActiveCfg = Debug|Any CPU
		{05D2B94B-8930-4058-ADA4-181CEFB12C74}.Debug|Any CPU.Build.0 = Debug|Any CPU
		{05D2B94B-8930-4058-ADA4-181CEFB12C74}.Release|Any CPU.ActiveCfg = Release|Any CPU
		{05D2B94B-8930-4058-ADA4-181CEFB12C74}.Release|Any CPU.Build.0 = Release|Any CPU
		{48CAC866-FAED-44FF-AEE7-CF2C0CD794F7}.Debug|Any CPU.ActiveCfg = Debug|Any CPU
		{48CAC866-FAED-44FF-AEE7-CF2C0CD794F7}.Debug|Any CPU.Build.0 = Debug|Any CPU
		{48CAC866-FAED-44FF-AEE7-CF2C0CD794F7}.Release|Any CPU.ActiveCfg = Release|Any CPU
		{48CAC866-FAED-44FF-AEE7-CF2C0CD794F7}.Release|Any CPU.Build.0 = Release|Any CPU
	EndGlobalSection
	GlobalSection(SolutionProperties) = preSolution
		HideSolutionNode = FALSE
	EndGlobalSection
	GlobalSection(ExtensibilityGlobals) = postSolution
		SolutionGuid = {EAE8568D-B707-427C-A283-516F41191524}
	EndGlobalSection
EndGlobal
